{
    "apiDependenciesMetadata": {
        "net.bytebuddy:byte-buddy": {
            "locked": "1.9.12",
            "requested": "1.9.12"
        },
        "org.jetbrains.kotlin:kotlin-reflect": {
            "locked": "1.3.41",
            "requested": "1.4.32"
        },
        "org.jetbrains.kotlin:kotlin-stdlib": {
            "locked": "1.3.41",
            "transitive": [
                "org.jetbrains.kotlin:kotlin-reflect",
                "org.jetbrains.kotlin:kotlin-stdlib-jdk7",
                "org.jetbrains.kotlin:kotlin-stdlib-jdk8"
            ]
        },
        "org.jetbrains.kotlin:kotlin-stdlib-common": {
            "locked": "1.3.41",
            "transitive": [
                "org.jetbrains.kotlin:kotlin-stdlib"
            ]
        },
        "org.jetbrains.kotlin:kotlin-stdlib-jdk7": {
            "locked": "1.3.41",
            "transitive": [
                "org.jetbrains.kotlin:kotlin-stdlib-jdk8"
            ]
        },
        "org.jetbrains.kotlin:kotlin-stdlib-jdk8": {
            "locked": "1.3.41",
            "requested": "1.4.32"
        },
        "org.jetbrains:annotations": {
            "locked": "13.0",
            "transitive": [
                "org.jetbrains.kotlin:kotlin-stdlib"
            ]
        }
    },
    "compile": {
        "net.bytebuddy:byte-buddy": {
            "locked": "1.9.12",
            "requested": "1.9.12"
        },
        "org.jetbrains.kotlin:kotlin-reflect": {
            "locked": "1.3.41",
            "requested": "1.4.32"
        },
        "org.jetbrains.kotlin:kotlin-stdlib": {
            "locked": "1.3.41",
            "transitive": [
                "org.jetbrains.kotlin:kotlin-reflect",
                "org.jetbrains.kotlin:kotlin-stdlib-jdk7",
                "org.jetbrains.kotlin:kotlin-stdlib-jdk8"
            ]
        },
        "org.jetbrains.kotlin:kotlin-stdlib-common": {
            "locked": "1.3.41",
            "transitive": [
                "org.jetbrains.kotlin:kotlin-stdlib"
            ]
        },
        "org.jetbrains.kotlin:kotlin-stdlib-jdk7": {
            "locked": "1.3.41",
            "transitive": [
                "org.jetbrains.kotlin:kotlin-stdlib-jdk8"
            ]
        },
        "org.jetbrains.kotlin:kotlin-stdlib-jdk8": {
            "locked": "1.3.41",
            "requested": "1.4.32"
        },
        "org.jetbrains:annotations": {
            "locked": "13.0",
            "transitive": [
                "org.jetbrains.kotlin:kotlin-stdlib"
            ]
        }
    },
    "compileClasspath": {
        "com.fasterxml.jackson.core:jackson-annotations": {
            "locked": "2.10.4",
            "transitive": [
                "com.fasterxml.jackson.core:jackson-databind",
                "com.fasterxml.jackson.datatype:jackson-datatype-jsr310"
            ]
        },
        "com.fasterxml.jackson.core:jackson-core": {
            "locked": "2.10.4",
            "transitive": [
                "com.fasterxml.jackson.core:jackson-databind",
                "com.fasterxml.jackson.datatype:jackson-datatype-jsr310"
            ]
        },
        "com.fasterxml.jackson.core:jackson-databind": {
            "locked": "2.10.4",
            "requested": "2.10.4",
            "transitive": [
                "com.fasterxml.jackson.datatype:jackson-datatype-jsr310"
            ]
        },
        "com.fasterxml.jackson.datatype:jackson-datatype-jsr310": {
            "locked": "2.10.4",
            "requested": "2.10.4"
        },
        "net.bytebuddy:byte-buddy": {
            "locked": "1.9.12",
            "requested": "1.9.12"
        },
        "org.jetbrains.kotlin:kotlin-reflect": {
            "locked": "1.3.41",
            "requested": "1.4.32"
        },
        "org.jetbrains.kotlin:kotlin-stdlib": {
            "locked": "1.3.41",
            "transitive": [
                "org.jetbrains.kotlin:kotlin-reflect",
                "org.jetbrains.kotlin:kotlin-stdlib-jdk7",
                "org.jetbrains.kotlin:kotlin-stdlib-jdk8"
            ]
        },
        "org.jetbrains.kotlin:kotlin-stdlib-common": {
            "locked": "1.3.41",
            "transitive": [
                "org.jetbrains.kotlin:kotlin-stdlib"
            ]
        },
        "org.jetbrains.kotlin:kotlin-stdlib-jdk7": {
            "locked": "1.3.41",
            "transitive": [
                "org.jetbrains.kotlin:kotlin-stdlib-jdk8"
            ]
        },
        "org.jetbrains.kotlin:kotlin-stdlib-jdk8": {
            "locked": "1.3.41",
            "requested": "1.4.32"
        },
        "org.jetbrains:annotations": {
            "locked": "13.0",
            "transitive": [
                "org.jetbrains.kotlin:kotlin-stdlib"
            ]
        }
    },
    "compileOnly": {
        "com.fasterxml.jackson.core:jackson-annotations": {
            "locked": "2.10.4",
            "transitive": [
                "com.fasterxml.jackson.core:jackson-databind",
                "com.fasterxml.jackson.datatype:jackson-datatype-jsr310"
            ]
        },
        "com.fasterxml.jackson.core:jackson-core": {
            "locked": "2.10.4",
            "transitive": [
                "com.fasterxml.jackson.core:jackson-databind",
                "com.fasterxml.jackson.datatype:jackson-datatype-jsr310"
            ]
        },
        "com.fasterxml.jackson.core:jackson-databind": {
            "locked": "2.10.4",
            "requested": "2.10.4",
            "transitive": [
                "com.fasterxml.jackson.datatype:jackson-datatype-jsr310"
            ]
        },
        "com.fasterxml.jackson.datatype:jackson-datatype-jsr310": {
            "locked": "2.10.4",
            "requested": "2.10.4"
        }
    },
    "compileOnlyDependenciesMetadata": {
        "com.fasterxml.jackson.core:jackson-annotations": {
            "locked": "2.10.4",
            "transitive": [
                "com.fasterxml.jackson.core:jackson-databind",
                "com.fasterxml.jackson.datatype:jackson-datatype-jsr310"
            ]
        },
        "com.fasterxml.jackson.core:jackson-core": {
            "locked": "2.10.4",
            "transitive": [
                "com.fasterxml.jackson.core:jackson-databind",
                "com.fasterxml.jackson.datatype:jackson-datatype-jsr310"
            ]
        },
        "com.fasterxml.jackson.core:jackson-databind": {
            "locked": "2.10.4",
            "requested": "2.10.4",
            "transitive": [
                "com.fasterxml.jackson.datatype:jackson-datatype-jsr310"
            ]
        },
        "com.fasterxml.jackson.datatype:jackson-datatype-jsr310": {
            "locked": "2.10.4",
            "requested": "2.10.4"
        }
    },
    "default": {
        "net.bytebuddy:byte-buddy": {
            "locked": "1.9.12",
            "requested": "1.9.12"
        },
        "org.jetbrains.kotlin:kotlin-reflect": {
            "locked": "1.3.41",
            "requested": "1.4.32"
        },
        "org.jetbrains.kotlin:kotlin-stdlib": {
            "locked": "1.3.41",
            "transitive": [
                "org.jetbrains.kotlin:kotlin-reflect",
                "org.jetbrains.kotlin:kotlin-stdlib-jdk7",
                "org.jetbrains.kotlin:kotlin-stdlib-jdk8"
            ]
        },
        "org.jetbrains.kotlin:kotlin-stdlib-common": {
            "locked": "1.3.41",
            "transitive": [
                "org.jetbrains.kotlin:kotlin-stdlib"
            ]
        },
        "org.jetbrains.kotlin:kotlin-stdlib-jdk7": {
            "locked": "1.3.41",
            "transitive": [
                "org.jetbrains.kotlin:kotlin-stdlib-jdk8"
            ]
        },
        "org.jetbrains.kotlin:kotlin-stdlib-jdk8": {
            "locked": "1.3.41",
            "requested": "1.4.32"
        },
        "org.jetbrains:annotations": {
            "locked": "13.0",
            "transitive": [
                "org.jetbrains.kotlin:kotlin-stdlib"
            ]
        }
    },
    "implementationDependenciesMetadata": {
        "net.bytebuddy:byte-buddy": {
            "locked": "1.9.12",
            "requested": "1.9.12"
        },
        "org.jetbrains.kotlin:kotlin-reflect": {
            "locked": "1.3.41",
            "requested": "1.4.32"
        },
        "org.jetbrains.kotlin:kotlin-stdlib": {
            "locked": "1.3.41",
            "transitive": [
                "org.jetbrains.kotlin:kotlin-reflect",
                "org.jetbrains.kotlin:kotlin-stdlib-jdk7",
                "org.jetbrains.kotlin:kotlin-stdlib-jdk8"
            ]
        },
        "org.jetbrains.kotlin:kotlin-stdlib-common": {
            "locked": "1.3.41",
            "transitive": [
                "org.jetbrains.kotlin:kotlin-stdlib"
            ]
        },
        "org.jetbrains.kotlin:kotlin-stdlib-jdk7": {
            "locked": "1.3.41",
            "transitive": [
                "org.jetbrains.kotlin:kotlin-stdlib-jdk8"
            ]
        },
        "org.jetbrains.kotlin:kotlin-stdlib-jdk8": {
            "locked": "1.3.41",
            "requested": "1.4.32"
        },
        "org.jetbrains:annotations": {
            "locked": "13.0",
            "transitive": [
                "org.jetbrains.kotlin:kotlin-stdlib"
            ]
        }
    },
    "jacocoAgent": {
        "org.jacoco:org.jacoco.agent": {
            "locked": "0.8.5"
        }
    },
    "jacocoAnt": {
        "org.jacoco:org.jacoco.agent": {
            "locked": "0.8.5",
            "transitive": [
                "org.jacoco:org.jacoco.ant"
            ]
        },
        "org.jacoco:org.jacoco.ant": {
            "locked": "0.8.5"
        },
        "org.jacoco:org.jacoco.core": {
            "locked": "0.8.5",
            "transitive": [
                "org.jacoco:org.jacoco.ant",
                "org.jacoco:org.jacoco.report"
            ]
        },
        "org.jacoco:org.jacoco.report": {
            "locked": "0.8.5",
            "transitive": [
                "org.jacoco:org.jacoco.ant"
            ]
        },
        "org.ow2.asm:asm": {
            "locked": "7.2",
            "transitive": [
                "org.jacoco:org.jacoco.core",
                "org.ow2.asm:asm-commons",
                "org.ow2.asm:asm-tree"
            ]
        },
        "org.ow2.asm:asm-analysis": {
            "locked": "7.2",
            "transitive": [
                "org.ow2.asm:asm-commons"
            ]
        },
        "org.ow2.asm:asm-commons": {
            "locked": "7.2",
            "transitive": [
                "org.jacoco:org.jacoco.core"
            ]
        },
        "org.ow2.asm:asm-tree": {
            "locked": "7.2",
            "transitive": [
                "org.jacoco:org.jacoco.core",
                "org.ow2.asm:asm-analysis",
                "org.ow2.asm:asm-commons"
            ]
        }
    },
    "kotlinCompilerClasspath": {
        "org.jetbrains.intellij.deps:trove4j": {
            "locked": "1.0.20181211",
            "transitive": [
                "org.jetbrains.kotlin:kotlin-compiler-embeddable"
            ]
        },
        "org.jetbrains.kotlin:kotlin-compiler-embeddable": {
            "locked": "1.3.41",
            "requested": "1.4.32"
        },
        "org.jetbrains.kotlin:kotlin-reflect": {
            "locked": "1.3.41",
            "transitive": [
                "org.jetbrains.kotlin:kotlin-compiler-embeddable"
            ]
        },
        "org.jetbrains.kotlin:kotlin-script-runtime": {
            "locked": "1.3.41",
            "transitive": [
                "org.jetbrains.kotlin:kotlin-compiler-embeddable"
            ]
        },
        "org.jetbrains.kotlin:kotlin-stdlib": {
            "locked": "1.3.41",
            "transitive": [
                "org.jetbrains.kotlin:kotlin-compiler-embeddable",
                "org.jetbrains.kotlin:kotlin-reflect"
            ]
        },
        "org.jetbrains.kotlin:kotlin-stdlib-common": {
            "locked": "1.3.41",
            "transitive": [
                "org.jetbrains.kotlin:kotlin-stdlib"
            ]
        },
        "org.jetbrains:annotations": {
            "locked": "13.0",
            "transitive": [
                "org.jetbrains.kotlin:kotlin-stdlib"
            ]
        }
    },
    "kotlinCompilerPluginClasspath": {
        "org.jetbrains.kotlin:kotlin-reflect": {
            "locked": "1.3.41",
            "transitive": [
                "org.jetbrains.kotlin:kotlin-scripting-common"
            ]
        },
        "org.jetbrains.kotlin:kotlin-script-runtime": {
            "locked": "1.3.41",
            "transitive": [
                "org.jetbrains.kotlin:kotlin-scripting-jvm"
            ]
        },
        "org.jetbrains.kotlin:kotlin-scripting-common": {
            "locked": "1.3.41",
            "transitive": [
                "org.jetbrains.kotlin:kotlin-scripting-compiler-impl-embeddable",
                "org.jetbrains.kotlin:kotlin-scripting-jvm"
            ]
        },
        "org.jetbrains.kotlin:kotlin-scripting-compiler-embeddable": {
            "locked": "1.3.41",
            "requested": "1.4.32"
        },
        "org.jetbrains.kotlin:kotlin-scripting-compiler-impl-embeddable": {
            "locked": "1.3.41",
            "transitive": [
                "org.jetbrains.kotlin:kotlin-scripting-compiler-embeddable"
            ]
        },
        "org.jetbrains.kotlin:kotlin-scripting-jvm": {
            "locked": "1.3.41",
            "transitive": [
                "org.jetbrains.kotlin:kotlin-scripting-compiler-impl-embeddable"
            ]
        },
        "org.jetbrains.kotlin:kotlin-stdlib": {
            "locked": "1.3.41",
            "transitive": [
                "org.jetbrains.kotlin:kotlin-reflect",
                "org.jetbrains.kotlin:kotlin-scripting-common",
                "org.jetbrains.kotlin:kotlin-scripting-compiler-embeddable",
                "org.jetbrains.kotlin:kotlin-scripting-compiler-impl-embeddable",
                "org.jetbrains.kotlin:kotlin-scripting-jvm"
            ]
        },
        "org.jetbrains.kotlin:kotlin-stdlib-common": {
            "locked": "1.3.41",
            "transitive": [
                "org.jetbrains.kotlin:kotlin-stdlib"
            ]
        },
        "org.jetbrains.kotlinx:kotlinx-coroutines-core": {
            "locked": "1.1.1",
            "transitive": [
                "org.jetbrains.kotlin:kotlin-scripting-common",
                "org.jetbrains.kotlin:kotlin-scripting-compiler-impl-embeddable"
            ]
        },
        "org.jetbrains:annotations": {
            "locked": "13.0",
            "transitive": [
                "org.jetbrains.kotlin:kotlin-stdlib"
            ]
        }
    },
    "kotlinKlibCommonizerClasspath": {
        "org.jetbrains.intellij.deps:trove4j": {
            "locked": "1.0.20181211",
            "transitive": [
                "org.jetbrains.kotlin:kotlin-compiler-embeddable"
            ]
        },
        "org.jetbrains.kotlin:kotlin-compiler-embeddable": {
            "locked": "1.4.32",
            "transitive": [
                "org.jetbrains.kotlin:kotlin-klib-commonizer-embeddable"
            ]
        },
        "org.jetbrains.kotlin:kotlin-daemon-embeddable": {
            "locked": "1.4.32",
            "transitive": [
                "org.jetbrains.kotlin:kotlin-compiler-embeddable"
            ]
        },
        "org.jetbrains.kotlin:kotlin-klib-commonizer-embeddable": {
            "locked": "1.4.32"
        },
        "org.jetbrains.kotlin:kotlin-reflect": {
            "locked": "1.4.32",
            "transitive": [
                "org.jetbrains.kotlin:kotlin-compiler-embeddable"
            ]
        },
        "org.jetbrains.kotlin:kotlin-script-runtime": {
            "locked": "1.4.32",
            "transitive": [
                "org.jetbrains.kotlin:kotlin-compiler-embeddable"
            ]
        },
        "org.jetbrains.kotlin:kotlin-stdlib": {
            "locked": "1.4.32",
            "transitive": [
                "org.jetbrains.kotlin:kotlin-compiler-embeddable",
                "org.jetbrains.kotlin:kotlin-klib-commonizer-embeddable",
                "org.jetbrains.kotlin:kotlin-reflect"
            ]
        },
        "org.jetbrains.kotlin:kotlin-stdlib-common": {
            "locked": "1.4.32",
            "transitive": [
                "org.jetbrains.kotlin:kotlin-stdlib"
            ]
        },
        "org.jetbrains:annotations": {
            "locked": "13.0",
            "transitive": [
                "org.jetbrains.kotlin:kotlin-stdlib"
            ]
        }
    },
    "runtime": {
        "net.bytebuddy:byte-buddy": {
            "locked": "1.9.12",
            "requested": "1.9.12"
        },
        "org.jetbrains.kotlin:kotlin-reflect": {
            "locked": "1.3.41",
            "requested": "1.4.32"
        },
        "org.jetbrains.kotlin:kotlin-stdlib": {
            "locked": "1.3.41",
            "transitive": [
                "org.jetbrains.kotlin:kotlin-reflect",
                "org.jetbrains.kotlin:kotlin-stdlib-jdk7",
                "org.jetbrains.kotlin:kotlin-stdlib-jdk8"
            ]
        },
        "org.jetbrains.kotlin:kotlin-stdlib-common": {
            "locked": "1.3.41",
            "transitive": [
                "org.jetbrains.kotlin:kotlin-stdlib"
            ]
        },
        "org.jetbrains.kotlin:kotlin-stdlib-jdk7": {
            "locked": "1.3.41",
            "transitive": [
                "org.jetbrains.kotlin:kotlin-stdlib-jdk8"
            ]
        },
        "org.jetbrains.kotlin:kotlin-stdlib-jdk8": {
            "locked": "1.3.41",
            "requested": "1.4.32"
        },
        "org.jetbrains:annotations": {
            "locked": "13.0",
            "transitive": [
                "org.jetbrains.kotlin:kotlin-stdlib"
            ]
        }
    },
    "runtimeClasspath": {
        "net.bytebuddy:byte-buddy": {
            "locked": "1.9.12",
            "requested": "1.9.12"
        },
        "org.jetbrains.kotlin:kotlin-reflect": {
            "locked": "1.3.41",
            "requested": "1.4.32"
        },
        "org.jetbrains.kotlin:kotlin-stdlib": {
            "locked": "1.3.41",
            "transitive": [
                "org.jetbrains.kotlin:kotlin-reflect",
                "org.jetbrains.kotlin:kotlin-stdlib-jdk7",
                "org.jetbrains.kotlin:kotlin-stdlib-jdk8"
            ]
        },
        "org.jetbrains.kotlin:kotlin-stdlib-common": {
            "locked": "1.3.41",
            "transitive": [
                "org.jetbrains.kotlin:kotlin-stdlib"
            ]
        },
        "org.jetbrains.kotlin:kotlin-stdlib-jdk7": {
            "locked": "1.3.41",
            "transitive": [
                "org.jetbrains.kotlin:kotlin-stdlib-jdk8"
            ]
        },
        "org.jetbrains.kotlin:kotlin-stdlib-jdk8": {
            "locked": "1.3.41",
            "requested": "1.4.32"
        },
        "org.jetbrains:annotations": {
            "locked": "13.0",
            "transitive": [
                "org.jetbrains.kotlin:kotlin-stdlib"
            ]
        }
    },
    "testApiDependenciesMetadata": {
        "com.fasterxml.jackson.core:jackson-annotations": {
            "locked": "2.10.4",
            "transitive": [
                "com.fasterxml.jackson.core:jackson-databind",
                "com.fasterxml.jackson.datatype:jackson-datatype-jsr310"
            ]
        },
        "com.fasterxml.jackson.core:jackson-core": {
            "locked": "2.10.4",
            "transitive": [
                "com.fasterxml.jackson.core:jackson-databind",
                "com.fasterxml.jackson.datatype:jackson-datatype-jsr310"
            ]
        },
        "com.fasterxml.jackson.core:jackson-databind": {
            "locked": "2.10.4",
            "requested": "2.10.4",
            "transitive": [
                "com.fasterxml.jackson.datatype:jackson-datatype-jsr310"
            ]
        },
        "com.fasterxml.jackson.datatype:jackson-datatype-jsr310": {
            "locked": "2.10.4",
            "requested": "2.10.4"
        },
        "net.bytebuddy:byte-buddy": {
            "locked": "1.9.12",
            "requested": "1.9.12"
        },
        "org.apiguardian:apiguardian-api": {
            "locked": "1.0.0",
            "transitive": [
                "org.junit.jupiter:junit-jupiter-api",
                "org.junit.jupiter:junit-jupiter-params",
                "org.junit.platform:junit-platform-commons"
            ]
        },
        "org.assertj:assertj-core": {
            "locked": "3.11.1",
            "requested": "3.11.1"
        },
        "org.jetbrains.kotlin:kotlin-reflect": {
            "locked": "1.3.41",
            "requested": "1.4.32"
        },
        "org.jetbrains.kotlin:kotlin-stdlib": {
            "locked": "1.3.41",
            "transitive": [
                "org.jetbrains.kotlin:kotlin-reflect",
                "org.jetbrains.kotlin:kotlin-stdlib-jdk7",
                "org.jetbrains.kotlin:kotlin-stdlib-jdk8"
            ]
        },
        "org.jetbrains.kotlin:kotlin-stdlib-common": {
            "locked": "1.3.41",
            "transitive": [
                "org.jetbrains.kotlin:kotlin-stdlib"
            ]
        },
        "org.jetbrains.kotlin:kotlin-stdlib-jdk7": {
            "locked": "1.3.41",
            "transitive": [
                "org.jetbrains.kotlin:kotlin-stdlib-jdk8"
            ]
        },
        "org.jetbrains.kotlin:kotlin-stdlib-jdk8": {
            "locked": "1.3.41",
            "requested": "1.4.32"
        },
        "org.jetbrains:annotations": {
            "locked": "13.0",
            "transitive": [
                "org.jetbrains.kotlin:kotlin-stdlib"
            ]
        },
        "org.junit.jupiter:junit-jupiter": {
            "locked": "5.4.2",
            "requested": "5.4.2"
        },
        "org.junit.jupiter:junit-jupiter-api": {
            "locked": "5.4.2",
            "transitive": [
                "org.junit.jupiter:junit-jupiter",
                "org.junit.jupiter:junit-jupiter-params"
            ]
        },
        "org.junit.jupiter:junit-jupiter-params": {
            "locked": "5.4.2",
            "transitive": [
                "org.junit.jupiter:junit-jupiter"
            ]
        },
        "org.junit.platform:junit-platform-commons": {
            "locked": "1.4.2",
            "transitive": [
                "org.junit.jupiter:junit-jupiter-api"
            ]
        },
        "org.opentest4j:opentest4j": {
            "locked": "1.1.1",
            "transitive": [
                "org.junit.jupiter:junit-jupiter-api"
            ]
        }
    },
    "testCompile": {
        "com.fasterxml.jackson.core:jackson-annotations": {
            "locked": "2.10.4",
            "transitive": [
                "com.fasterxml.jackson.core:jackson-databind",
                "com.fasterxml.jackson.datatype:jackson-datatype-jsr310"
            ]
        },
        "com.fasterxml.jackson.core:jackson-core": {
            "locked": "2.10.4",
            "transitive": [
                "com.fasterxml.jackson.core:jackson-databind",
                "com.fasterxml.jackson.datatype:jackson-datatype-jsr310"
            ]
        },
        "com.fasterxml.jackson.core:jackson-databind": {
            "locked": "2.10.4",
            "requested": "2.10.4",
            "transitive": [
                "com.fasterxml.jackson.datatype:jackson-datatype-jsr310"
            ]
        },
        "com.fasterxml.jackson.datatype:jackson-datatype-jsr310": {
            "locked": "2.10.4",
            "requested": "2.10.4"
        },
        "net.bytebuddy:byte-buddy": {
            "locked": "1.9.12",
            "requested": "1.9.12"
        },
        "org.apiguardian:apiguardian-api": {
            "locked": "1.0.0",
            "transitive": [
                "org.junit.jupiter:junit-jupiter-api",
                "org.junit.jupiter:junit-jupiter-engine",
                "org.junit.jupiter:junit-jupiter-params",
                "org.junit.platform:junit-platform-commons",
                "org.junit.platform:junit-platform-engine"
            ]
        },
        "org.assertj:assertj-core": {
            "locked": "3.11.1",
            "requested": "3.11.1"
        },
        "org.jetbrains.kotlin:kotlin-reflect": {
            "locked": "1.3.41",
            "requested": "1.4.32"
        },
        "org.jetbrains.kotlin:kotlin-stdlib": {
            "locked": "1.3.41",
            "transitive": [
                "org.jetbrains.kotlin:kotlin-reflect",
                "org.jetbrains.kotlin:kotlin-stdlib-jdk7",
                "org.jetbrains.kotlin:kotlin-stdlib-jdk8"
            ]
        },
        "org.jetbrains.kotlin:kotlin-stdlib-common": {
            "locked": "1.3.41",
            "transitive": [
                "org.jetbrains.kotlin:kotlin-stdlib"
            ]
        },
        "org.jetbrains.kotlin:kotlin-stdlib-jdk7": {
            "locked": "1.3.41",
            "transitive": [
                "org.jetbrains.kotlin:kotlin-stdlib-jdk8"
            ]
        },
        "org.jetbrains.kotlin:kotlin-stdlib-jdk8": {
            "locked": "1.3.41",
            "requested": "1.4.32"
        },
        "org.jetbrains:annotations": {
            "locked": "13.0",
            "transitive": [
                "org.jetbrains.kotlin:kotlin-stdlib"
            ]
        },
        "org.junit.jupiter:junit-jupiter": {
            "locked": "5.4.2",
            "requested": "5.4.2"
        },
        "org.junit.jupiter:junit-jupiter-api": {
            "locked": "5.4.2",
            "transitive": [
                "org.junit.jupiter:junit-jupiter",
                "org.junit.jupiter:junit-jupiter-engine",
                "org.junit.jupiter:junit-jupiter-params"
            ]
        },
        "org.junit.jupiter:junit-jupiter-engine": {
            "locked": "5.4.2",
            "transitive": [
                "org.junit.jupiter:junit-jupiter"
            ]
        },
        "org.junit.jupiter:junit-jupiter-params": {
            "locked": "5.4.2",
            "transitive": [
                "org.junit.jupiter:junit-jupiter"
            ]
        },
        "org.junit.platform:junit-platform-commons": {
            "locked": "1.4.2",
            "transitive": [
                "org.junit.jupiter:junit-jupiter-api",
                "org.junit.platform:junit-platform-engine"
            ]
        },
        "org.junit.platform:junit-platform-engine": {
            "locked": "1.4.2",
            "transitive": [
                "org.junit.jupiter:junit-jupiter-engine"
            ]
        },
        "org.opentest4j:opentest4j": {
            "locked": "1.1.1",
            "transitive": [
                "org.junit.jupiter:junit-jupiter-api",
                "org.junit.platform:junit-platform-engine"
            ]
        }
    },
    "testCompileClasspath": {
        "com.fasterxml.jackson.core:jackson-annotations": {
            "locked": "2.10.4",
            "transitive": [
                "com.fasterxml.jackson.core:jackson-databind",
                "com.fasterxml.jackson.datatype:jackson-datatype-jsr310"
            ]
        },
        "com.fasterxml.jackson.core:jackson-core": {
            "locked": "2.10.4",
            "transitive": [
                "com.fasterxml.jackson.core:jackson-databind",
                "com.fasterxml.jackson.datatype:jackson-datatype-jsr310"
            ]
        },
        "com.fasterxml.jackson.core:jackson-databind": {
            "locked": "2.10.4",
            "requested": "2.10.4",
            "transitive": [
                "com.fasterxml.jackson.datatype:jackson-datatype-jsr310"
            ]
        },
        "com.fasterxml.jackson.datatype:jackson-datatype-jsr310": {
            "locked": "2.10.4",
            "requested": "2.10.4"
        },
        "net.bytebuddy:byte-buddy": {
            "locked": "1.9.12",
            "requested": "1.9.12"
        },
        "org.apiguardian:apiguardian-api": {
            "locked": "1.0.0",
            "transitive": [
                "org.junit.jupiter:junit-jupiter-api",
                "org.junit.jupiter:junit-jupiter-params",
                "org.junit.platform:junit-platform-commons"
            ]
        },
        "org.assertj:assertj-core": {
            "locked": "3.11.1",
            "requested": "3.11.1"
        },
        "org.jetbrains.kotlin:kotlin-reflect": {
            "locked": "1.3.41",
            "requested": "1.4.32"
        },
        "org.jetbrains.kotlin:kotlin-stdlib": {
            "locked": "1.3.41",
            "transitive": [
                "org.jetbrains.kotlin:kotlin-reflect",
                "org.jetbrains.kotlin:kotlin-stdlib-jdk7",
                "org.jetbrains.kotlin:kotlin-stdlib-jdk8"
            ]
        },
        "org.jetbrains.kotlin:kotlin-stdlib-common": {
            "locked": "1.3.41",
            "transitive": [
                "org.jetbrains.kotlin:kotlin-stdlib"
            ]
        },
        "org.jetbrains.kotlin:kotlin-stdlib-jdk7": {
            "locked": "1.3.41",
            "transitive": [
                "org.jetbrains.kotlin:kotlin-stdlib-jdk8"
            ]
        },
        "org.jetbrains.kotlin:kotlin-stdlib-jdk8": {
            "locked": "1.3.41",
            "requested": "1.4.32"
        },
        "org.jetbrains:annotations": {
            "locked": "13.0",
            "transitive": [
                "org.jetbrains.kotlin:kotlin-stdlib"
            ]
        },
        "org.junit.jupiter:junit-jupiter": {
            "locked": "5.4.2",
            "requested": "5.4.2"
        },
        "org.junit.jupiter:junit-jupiter-api": {
            "locked": "5.4.2",
            "transitive": [
                "org.junit.jupiter:junit-jupiter",
                "org.junit.jupiter:junit-jupiter-params"
            ]
        },
        "org.junit.jupiter:junit-jupiter-params": {
            "locked": "5.4.2",
            "transitive": [
                "org.junit.jupiter:junit-jupiter"
            ]
        },
        "org.junit.platform:junit-platform-commons": {
            "locked": "1.4.2",
            "transitive": [
                "org.junit.jupiter:junit-jupiter-api"
            ]
        },
        "org.opentest4j:opentest4j": {
            "locked": "1.1.1",
            "transitive": [
                "org.junit.jupiter:junit-jupiter-api"
            ]
        }
    },
    "testImplementationDependenciesMetadata": {
        "com.fasterxml.jackson.core:jackson-annotations": {
            "locked": "2.10.4",
            "transitive": [
                "com.fasterxml.jackson.core:jackson-databind",
                "com.fasterxml.jackson.datatype:jackson-datatype-jsr310"
            ]
        },
        "com.fasterxml.jackson.core:jackson-core": {
            "locked": "2.10.4",
            "transitive": [
                "com.fasterxml.jackson.core:jackson-databind",
                "com.fasterxml.jackson.datatype:jackson-datatype-jsr310"
            ]
        },
        "com.fasterxml.jackson.core:jackson-databind": {
            "locked": "2.10.4",
            "requested": "2.10.4",
            "transitive": [
                "com.fasterxml.jackson.datatype:jackson-datatype-jsr310"
            ]
        },
        "com.fasterxml.jackson.datatype:jackson-datatype-jsr310": {
            "locked": "2.10.4",
            "requested": "2.10.4"
        },
        "net.bytebuddy:byte-buddy": {
            "locked": "1.9.12",
            "requested": "1.9.12"
        },
        "org.apiguardian:apiguardian-api": {
            "locked": "1.0.0",
            "transitive": [
                "org.junit.jupiter:junit-jupiter-api",
                "org.junit.jupiter:junit-jupiter-params",
                "org.junit.platform:junit-platform-commons"
            ]
        },
        "org.assertj:assertj-core": {
            "locked": "3.11.1",
            "requested": "3.11.1"
        },
        "org.jetbrains.kotlin:kotlin-reflect": {
            "locked": "1.3.41",
            "requested": "1.4.32"
        },
        "org.jetbrains.kotlin:kotlin-stdlib": {
            "locked": "1.3.41",
            "transitive": [
                "org.jetbrains.kotlin:kotlin-reflect",
                "org.jetbrains.kotlin:kotlin-stdlib-jdk7",
                "org.jetbrains.kotlin:kotlin-stdlib-jdk8"
            ]
        },
        "org.jetbrains.kotlin:kotlin-stdlib-common": {
            "locked": "1.3.41",
            "transitive": [
                "org.jetbrains.kotlin:kotlin-stdlib"
            ]
        },
        "org.jetbrains.kotlin:kotlin-stdlib-jdk7": {
            "locked": "1.3.41",
            "transitive": [
                "org.jetbrains.kotlin:kotlin-stdlib-jdk8"
            ]
        },
        "org.jetbrains.kotlin:kotlin-stdlib-jdk8": {
            "locked": "1.3.41",
            "requested": "1.4.32"
        },
        "org.jetbrains:annotations": {
            "locked": "13.0",
            "transitive": [
                "org.jetbrains.kotlin:kotlin-stdlib"
            ]
        },
        "org.junit.jupiter:junit-jupiter": {
            "locked": "5.4.2",
            "requested": "5.4.2"
        },
        "org.junit.jupiter:junit-jupiter-api": {
            "locked": "5.4.2",
            "transitive": [
                "org.junit.jupiter:junit-jupiter",
                "org.junit.jupiter:junit-jupiter-params"
            ]
        },
        "org.junit.jupiter:junit-jupiter-params": {
            "locked": "5.4.2",
            "transitive": [
                "org.junit.jupiter:junit-jupiter"
            ]
        },
        "org.junit.platform:junit-platform-commons": {
            "locked": "1.4.2",
            "transitive": [
                "org.junit.jupiter:junit-jupiter-api"
            ]
        },
        "org.opentest4j:opentest4j": {
            "locked": "1.1.1",
            "transitive": [
                "org.junit.jupiter:junit-jupiter-api"
            ]
        }
    },
    "testRuntime": {
        "com.fasterxml.jackson.core:jackson-annotations": {
            "locked": "2.10.4",
            "transitive": [
                "com.fasterxml.jackson.core:jackson-databind",
                "com.fasterxml.jackson.datatype:jackson-datatype-jsr310"
            ]
        },
        "com.fasterxml.jackson.core:jackson-core": {
            "locked": "2.10.4",
            "transitive": [
                "com.fasterxml.jackson.core:jackson-databind",
                "com.fasterxml.jackson.datatype:jackson-datatype-jsr310"
            ]
        },
        "com.fasterxml.jackson.core:jackson-databind": {
            "locked": "2.10.4",
            "requested": "2.10.4",
            "transitive": [
                "com.fasterxml.jackson.datatype:jackson-datatype-jsr310"
            ]
        },
        "com.fasterxml.jackson.datatype:jackson-datatype-jsr310": {
            "locked": "2.10.4",
            "requested": "2.10.4"
        },
        "net.bytebuddy:byte-buddy": {
            "locked": "1.9.12",
            "requested": "1.9.12"
        },
        "org.apiguardian:apiguardian-api": {
            "locked": "1.0.0",
            "transitive": [
                "org.junit.jupiter:junit-jupiter-api",
                "org.junit.jupiter:junit-jupiter-engine",
                "org.junit.jupiter:junit-jupiter-params",
                "org.junit.platform:junit-platform-commons",
                "org.junit.platform:junit-platform-engine"
            ]
        },
        "org.assertj:assertj-core": {
            "locked": "3.11.1",
            "requested": "3.11.1"
        },
        "org.jetbrains.kotlin:kotlin-reflect": {
            "locked": "1.3.41",
            "requested": "1.4.32"
        },
        "org.jetbrains.kotlin:kotlin-stdlib": {
            "locked": "1.3.41",
            "transitive": [
                "org.jetbrains.kotlin:kotlin-reflect",
                "org.jetbrains.kotlin:kotlin-stdlib-jdk7",
                "org.jetbrains.kotlin:kotlin-stdlib-jdk8"
            ]
        },
        "org.jetbrains.kotlin:kotlin-stdlib-common": {
            "locked": "1.3.41",
            "transitive": [
                "org.jetbrains.kotlin:kotlin-stdlib"
            ]
        },
        "org.jetbrains.kotlin:kotlin-stdlib-jdk7": {
            "locked": "1.3.41",
            "transitive": [
                "org.jetbrains.kotlin:kotlin-stdlib-jdk8"
            ]
        },
        "org.jetbrains.kotlin:kotlin-stdlib-jdk8": {
            "locked": "1.3.41",
            "requested": "1.4.32"
        },
        "org.jetbrains:annotations": {
            "locked": "13.0",
            "transitive": [
                "org.jetbrains.kotlin:kotlin-stdlib"
            ]
        },
        "org.junit.jupiter:junit-jupiter": {
            "locked": "5.4.2",
            "requested": "5.4.2"
        },
        "org.junit.jupiter:junit-jupiter-api": {
            "locked": "5.4.2",
            "transitive": [
                "org.junit.jupiter:junit-jupiter",
                "org.junit.jupiter:junit-jupiter-engine",
                "org.junit.jupiter:junit-jupiter-params"
            ]
        },
        "org.junit.jupiter:junit-jupiter-engine": {
            "locked": "5.4.2",
            "transitive": [
                "org.junit.jupiter:junit-jupiter"
            ]
        },
        "org.junit.jupiter:junit-jupiter-params": {
            "locked": "5.4.2",
            "transitive": [
                "org.junit.jupiter:junit-jupiter"
            ]
        },
        "org.junit.platform:junit-platform-commons": {
            "locked": "1.4.2",
            "transitive": [
                "org.junit.jupiter:junit-jupiter-api",
                "org.junit.platform:junit-platform-engine"
            ]
        },
        "org.junit.platform:junit-platform-engine": {
            "locked": "1.4.2",
            "transitive": [
                "org.junit.jupiter:junit-jupiter-engine"
            ]
        },
        "org.opentest4j:opentest4j": {
            "locked": "1.1.1",
            "transitive": [
                "org.junit.jupiter:junit-jupiter-api",
                "org.junit.platform:junit-platform-engine"
            ]
        },
        "org.slf4j:slf4j-api": {
            "locked": "1.7.26",
            "transitive": [
                "org.slf4j:slf4j-simple"
            ]
        },
        "org.slf4j:slf4j-simple": {
            "locked": "1.7.26",
            "requested": "1.7.26"
        }
    },
    "testRuntimeClasspath": {
        "com.fasterxml.jackson.core:jackson-annotations": {
            "locked": "2.10.4",
            "transitive": [
                "com.fasterxml.jackson.core:jackson-databind",
                "com.fasterxml.jackson.datatype:jackson-datatype-jsr310"
            ]
        },
        "com.fasterxml.jackson.core:jackson-core": {
            "locked": "2.10.4",
            "transitive": [
                "com.fasterxml.jackson.core:jackson-databind",
                "com.fasterxml.jackson.datatype:jackson-datatype-jsr310"
            ]
        },
        "com.fasterxml.jackson.core:jackson-databind": {
            "locked": "2.10.4",
            "requested": "2.10.4",
            "transitive": [
                "com.fasterxml.jackson.datatype:jackson-datatype-jsr310"
            ]
        },
        "com.fasterxml.jackson.datatype:jackson-datatype-jsr310": {
            "locked": "2.10.4",
            "requested": "2.10.4"
        },
        "net.bytebuddy:byte-buddy": {
            "locked": "1.9.12",
            "requested": "1.9.12"
        },
        "org.apiguardian:apiguardian-api": {
            "locked": "1.0.0",
            "transitive": [
                "org.junit.jupiter:junit-jupiter-api",
                "org.junit.jupiter:junit-jupiter-engine",
                "org.junit.jupiter:junit-jupiter-params",
                "org.junit.platform:junit-platform-commons",
                "org.junit.platform:junit-platform-engine"
            ]
        },
        "org.assertj:assertj-core": {
            "locked": "3.11.1",
            "requested": "3.11.1"
        },
        "org.jetbrains.kotlin:kotlin-reflect": {
            "locked": "1.3.41",
            "requested": "1.4.32"
        },
        "org.jetbrains.kotlin:kotlin-stdlib": {
            "locked": "1.3.41",
            "transitive": [
                "org.jetbrains.kotlin:kotlin-reflect",
                "org.jetbrains.kotlin:kotlin-stdlib-jdk7",
                "org.jetbrains.kotlin:kotlin-stdlib-jdk8"
            ]
        },
        "org.jetbrains.kotlin:kotlin-stdlib-common": {
            "locked": "1.3.41",
            "transitive": [
                "org.jetbrains.kotlin:kotlin-stdlib"
            ]
        },
        "org.jetbrains.kotlin:kotlin-stdlib-jdk7": {
            "locked": "1.3.41",
            "transitive": [
                "org.jetbrains.kotlin:kotlin-stdlib-jdk8"
            ]
        },
        "org.jetbrains.kotlin:kotlin-stdlib-jdk8": {
            "locked": "1.3.41",
            "requested": "1.4.32"
        },
        "org.jetbrains:annotations": {
            "locked": "13.0",
            "transitive": [
                "org.jetbrains.kotlin:kotlin-stdlib"
            ]
        },
        "org.junit.jupiter:junit-jupiter": {
            "locked": "5.4.2",
            "requested": "5.4.2"
        },
        "org.junit.jupiter:junit-jupiter-api": {
            "locked": "5.4.2",
            "transitive": [
                "org.junit.jupiter:junit-jupiter",
                "org.junit.jupiter:junit-jupiter-engine",
                "org.junit.jupiter:junit-jupiter-params"
            ]
        },
        "org.junit.jupiter:junit-jupiter-engine": {
            "locked": "5.4.2",
            "transitive": [
                "org.junit.jupiter:junit-jupiter"
            ]
        },
        "org.junit.jupiter:junit-jupiter-params": {
            "locked": "5.4.2",
            "transitive": [
                "org.junit.jupiter:junit-jupiter"
            ]
        },
        "org.junit.platform:junit-platform-commons": {
            "locked": "1.4.2",
            "transitive": [
                "org.junit.jupiter:junit-jupiter-api",
                "org.junit.platform:junit-platform-engine"
            ]
        },
        "org.junit.platform:junit-platform-engine": {
            "locked": "1.4.2",
            "transitive": [
                "org.junit.jupiter:junit-jupiter-engine"
            ]
        },
        "org.opentest4j:opentest4j": {
            "locked": "1.1.1",
            "transitive": [
                "org.junit.jupiter:junit-jupiter-api",
                "org.junit.platform:junit-platform-engine"
            ]
        },
        "org.slf4j:slf4j-api": {
            "locked": "1.7.26",
            "transitive": [
                "org.slf4j:slf4j-simple"
            ]
        },
        "org.slf4j:slf4j-simple": {
            "locked": "1.7.26",
            "requested": "1.7.26"
        }
    }
}